
Microsoft Visual Studio Solution File, Format Version 12.00
# Visual Studio 14
VisualStudioVersion = 14.0.25420.1
MinimumVisualStudioVersion = 10.0.40219.1
Project("{FAE04EC0-301F-11D3-BF4B-00C04F79EFBC}") = "zÉbET", "zÉbET\zÉbET.csproj", "{1D17D36F-4DC3-460F-875D-E60E50D7DCFC}"
EndProject
Project("{FAE04EC0-301F-11D3-BF4B-00C04F79EFBC}") = "ZeBet-BackOffice", "..\ZeBet-BackOffice\ZeBet-BackOffice\ZeBet-BackOffice.csproj", "{A4460E4E-A380-414F-B1BF-9072EDBA218D}"
EndProject
Global
	GlobalSection(SolutionConfigurationPlatforms) = preSolution
		Debug|Any CPU = Debug|Any CPU
		Release|Any CPU = Release|Any CPU
	EndGlobalSection
	GlobalSection(ProjectConfigurationPlatforms) = postSolution
		{1D17D36F-4DC3-460F-875D-E60E50D7DCFC}.Debug|Any CPU.ActiveCfg = Debug|Any CPU
		{1D17D36F-4DC3-460F-875D-E60E50D7DCFC}.Debug|Any CPU.Build.0 = Debug|Any CPU
		{1D17D36F-4DC3-460F-875D-E60E50D7DCFC}.Release|Any CPU.ActiveCfg = Release|Any CPU
		{1D17D36F-4DC3-460F-875D-E60E50D7DCFC}.Release|Any CPU.Build.0 = Release|Any CPU
		{A4460E4E-A380-414F-B1BF-9072EDBA218D}.Debug|Any CPU.ActiveCfg = Debug|Any CPU
		{A4460E4E-A380-414F-B1BF-9072EDBA218D}.Debug|Any CPU.Build.0 = Debug|Any CPU
		{A4460E4E-A380-414F-B1BF-9072EDBA218D}.Release|Any CPU.ActiveCfg = Release|Any CPU
		{A4460E4E-A380-414F-B1BF-9072EDBA218D}.Release|Any CPU.Build.0 = Release|Any CPU
	EndGlobalSection
	GlobalSection(SolutionProperties) = preSolution
		HideSolutionNode = FALSE
	EndGlobalSection
EndGlobal
